// !$*UTF8*$!
{
	archiveVersion = 1;
	classes = {
	};
	objectVersion = 50;
	objects = {

/* Begin PBXBuildFile section */
		2D1B1CF52273D8BA001A1DF3 /* AppDelegate.swift in Sources */ = {isa = PBXBuildFile; fileRef = 2D1B1CF42273D8BA001A1DF3 /* AppDelegate.swift */; };
		2D1B1CF72273D8BA001A1DF3 /* InventoryViewController.swift in Sources */ = {isa = PBXBuildFile; fileRef = 2D1B1CF62273D8BA001A1DF3 /* InventoryViewController.swift */; };
		2D1B1CFA2273D8BA001A1DF3 /* Main.storyboard in Resources */ = {isa = PBXBuildFile; fileRef = 2D1B1CF82273D8BA001A1DF3 /* Main.storyboard */; };
		2D1B1CFD2273D8BA001A1DF3 /* Inventory.xcdatamodeld in Sources */ = {isa = PBXBuildFile; fileRef = 2D1B1CFB2273D8BA001A1DF3 /* Inventory.xcdatamodeld */; };
		2D1B1CFF2273D8BB001A1DF3 /* Assets.xcassets in Resources */ = {isa = PBXBuildFile; fileRef = 2D1B1CFE2273D8BB001A1DF3 /* Assets.xcassets */; };
		2D1B1D022273D8BB001A1DF3 /* LaunchScreen.storyboard in Resources */ = {isa = PBXBuildFile; fileRef = 2D1B1D002273D8BB001A1DF3 /* LaunchScreen.storyboard */; };
		2D1B1D0D2273D8BB001A1DF3 /* InventoryTests.swift in Sources */ = {isa = PBXBuildFile; fileRef = 2D1B1D0C2273D8BB001A1DF3 /* InventoryTests.swift */; };
		2D1B1D182273D8BB001A1DF3 /* InventoryUITests.swift in Sources */ = {isa = PBXBuildFile; fileRef = 2D1B1D172273D8BB001A1DF3 /* InventoryUITests.swift */; };
		2D1B1D272273D8E6001A1DF3 /* inventory.json in Resources */ = {isa = PBXBuildFile; fileRef = 2D1B1D262273D8E6001A1DF3 /* inventory.json */; };
		2D98FDEA2273DB31002C9B08 /* Inventory.swift in Sources */ = {isa = PBXBuildFile; fileRef = 2D98FDE92273DB31002C9B08 /* Inventory.swift */; };
/* End PBXBuildFile section */

/* Begin PBXContainerItemProxy section */
		2D1B1D092273D8BB001A1DF3 /* PBXContainerItemProxy */ = {
			isa = PBXContainerItemProxy;
			containerPortal = 2D1B1CE92273D8BA001A1DF3 /* Project object */;
			proxyType = 1;
			remoteGlobalIDString = 2D1B1CF02273D8BA001A1DF3;
			remoteInfo = Inventory;
		};
		2D1B1D142273D8BB001A1DF3 /* PBXContainerItemProxy */ = {
			isa = PBXContainerItemProxy;
			containerPortal = 2D1B1CE92273D8BA001A1DF3 /* Project object */;
			proxyType = 1;
			remoteGlobalIDString = 2D1B1CF02273D8BA001A1DF3;
			remoteInfo = Inventory;
		};
/* End PBXContainerItemProxy section */

/* Begin PBXFileReference section */
		2D1B1CF12273D8BA001A1DF3 /* Inventory.app */ = {isa = PBXFileReference; explicitFileType = wrapper.application; includeInIndex = 0; path = Inventory.app; sourceTree = BUILT_PRODUCTS_DIR; };
		2D1B1CF42273D8BA001A1DF3 /* AppDelegate.swift */ = {isa = PBXFileReference; lastKnownFileType = sourcecode.swift; path = AppDelegate.swift; sourceTree = "<group>"; };
		2D1B1CF62273D8BA001A1DF3 /* InventoryViewController.swift */ = {isa = PBXFileReference; lastKnownFileType = sourcecode.swift; path = InventoryViewController.swift; sourceTree = "<group>"; };
		2D1B1CF92273D8BA001A1DF3 /* Base */ = {isa = PBXFileReference; lastKnownFileType = file.storyboard; name = Base; path = Base.lproj/Main.storyboard; sourceTree = "<group>"; };
		2D1B1CFC2273D8BA001A1DF3 /* Inventory.xcdatamodel */ = {isa = PBXFileReference; lastKnownFileType = wrapper.xcdatamodel; path = Inventory.xcdatamodel; sourceTree = "<group>"; };
		2D1B1CFE2273D8BB001A1DF3 /* Assets.xcassets */ = {isa = PBXFileReference; lastKnownFileType = folder.assetcatalog; path = Assets.xcassets; sourceTree = "<group>"; };
		2D1B1D012273D8BB001A1DF3 /* Base */ = {isa = PBXFileReference; lastKnownFileType = file.storyboard; name = Base; path = Base.lproj/LaunchScreen.storyboard; sourceTree = "<group>"; };
		2D1B1D032273D8BB001A1DF3 /* Info.plist */ = {isa = PBXFileReference; lastKnownFileType = text.plist.xml; path = Info.plist; sourceTree = "<group>"; };
		2D1B1D082273D8BB001A1DF3 /* InventoryTests.xctest */ = {isa = PBXFileReference; explicitFileType = wrapper.cfbundle; includeInIndex = 0; path = InventoryTests.xctest; sourceTree = BUILT_PRODUCTS_DIR; };
		2D1B1D0C2273D8BB001A1DF3 /* InventoryTests.swift */ = {isa = PBXFileReference; lastKnownFileType = sourcecode.swift; path = InventoryTests.swift; sourceTree = "<group>"; };
		2D1B1D0E2273D8BB001A1DF3 /* Info.plist */ = {isa = PBXFileReference; lastKnownFileType = text.plist.xml; path = Info.plist; sourceTree = "<group>"; };
		2D1B1D132273D8BB001A1DF3 /* InventoryUITests.xctest */ = {isa = PBXFileReference; explicitFileType = wrapper.cfbundle; includeInIndex = 0; path = InventoryUITests.xctest; sourceTree = BUILT_PRODUCTS_DIR; };
		2D1B1D172273D8BB001A1DF3 /* InventoryUITests.swift */ = {isa = PBXFileReference; lastKnownFileType = sourcecode.swift; path = InventoryUITests.swift; sourceTree = "<group>"; };
		2D1B1D192273D8BB001A1DF3 /* Info.plist */ = {isa = PBXFileReference; lastKnownFileType = text.plist.xml; path = Info.plist; sourceTree = "<group>"; };
		2D1B1D262273D8E6001A1DF3 /* inventory.json */ = {isa = PBXFileReference; fileEncoding = 4; lastKnownFileType = text.json; path = inventory.json; sourceTree = "<group>"; };
		2D98FDE92273DB31002C9B08 /* Inventory.swift */ = {isa = PBXFileReference; lastKnownFileType = sourcecode.swift; path = Inventory.swift; sourceTree = "<group>"; };
/* End PBXFileReference section */

/* Begin PBXFrameworksBuildPhase section */
		2D1B1CEE2273D8BA001A1DF3 /* Frameworks */ = {
			isa = PBXFrameworksBuildPhase;
			buildActionMask = 2147483647;
			files = (
			);
			runOnlyForDeploymentPostprocessing = 0;
		};
		2D1B1D052273D8BB001A1DF3 /* Frameworks */ = {
			isa = PBXFrameworksBuildPhase;
			buildActionMask = 2147483647;
			files = (
			);
			runOnlyForDeploymentPostprocessing = 0;
		};
		2D1B1D102273D8BB001A1DF3 /* Frameworks */ = {
			isa = PBXFrameworksBuildPhase;
			buildActionMask = 2147483647;
			files = (
			);
			runOnlyForDeploymentPostprocessing = 0;
		};
/* End PBXFrameworksBuildPhase section */

/* Begin PBXGroup section */
		2D1B1CE82273D8BA001A1DF3 = {
			isa = PBXGroup;
			children = (
				2D1B1CF32273D8BA001A1DF3 /* Inventory */,
				2D1B1D0B2273D8BB001A1DF3 /* InventoryTests */,
				2D1B1D162273D8BB001A1DF3 /* InventoryUITests */,
				2D1B1CF22273D8BA001A1DF3 /* Products */,
			);
			sourceTree = "<group>";
		};
		2D1B1CF22273D8BA001A1DF3 /* Products */ = {
			isa = PBXGroup;
			children = (
				2D1B1CF12273D8BA001A1DF3 /* Inventory.app */,
				2D1B1D082273D8BB001A1DF3 /* InventoryTests.xctest */,
				2D1B1D132273D8BB001A1DF3 /* InventoryUITests.xctest */,
			);
			name = Products;
			sourceTree = "<group>";
		};
		2D1B1CF32273D8BA001A1DF3 /* Inventory */ = {
			isa = PBXGroup;
			children = (
				2D1B1D252273D8CD001A1DF3 /* Model */,
				2D1B1CF42273D8BA001A1DF3 /* AppDelegate.swift */,
				2D1B1CF62273D8BA001A1DF3 /* InventoryViewController.swift */,
				2D1B1CF82273D8BA001A1DF3 /* Main.storyboard */,
				2D1B1CFE2273D8BB001A1DF3 /* Assets.xcassets */,
				2D1B1D002273D8BB001A1DF3 /* LaunchScreen.storyboard */,
				2D1B1D032273D8BB001A1DF3 /* Info.plist */,
				2D1B1CFB2273D8BA001A1DF3 /* Inventory.xcdatamodeld */,
			);
			path = Inventory;
			sourceTree = "<group>";
		};
		2D1B1D0B2273D8BB001A1DF3 /* InventoryTests */ = {
			isa = PBXGroup;
			children = (
				2D1B1D0C2273D8BB001A1DF3 /* InventoryTests.swift */,
				2D1B1D0E2273D8BB001A1DF3 /* Info.plist */,
			);
			path = InventoryTests;
			sourceTree = "<group>";
		};
		2D1B1D162273D8BB001A1DF3 /* InventoryUITests */ = {
			isa = PBXGroup;
			children = (
				2D1B1D172273D8BB001A1DF3 /* InventoryUITests.swift */,
				2D1B1D192273D8BB001A1DF3 /* Info.plist */,
			);
			path = InventoryUITests;
			sourceTree = "<group>";
		};
		2D1B1D252273D8CD001A1DF3 /* Model */ = {
			isa = PBXGroup;
			children = (
				2D1B1D262273D8E6001A1DF3 /* inventory.json */,
				2D98FDE92273DB31002C9B08 /* Inventory.swift */,
			);
			path = Model;
			sourceTree = "<group>";
		};
/* End PBXGroup section */

/* Begin PBXNativeTarget section */
		2D1B1CF02273D8BA001A1DF3 /* Inventory */ = {
			isa = PBXNativeTarget;
			buildConfigurationList = 2D1B1D1C2273D8BB001A1DF3 /* Build configuration list for PBXNativeTarget "Inventory" */;
			buildPhases = (
				2D1B1CED2273D8BA001A1DF3 /* Sources */,
				2D1B1CEE2273D8BA001A1DF3 /* Frameworks */,
				2D1B1CEF2273D8BA001A1DF3 /* Resources */,
			);
			buildRules = (
			);
			dependencies = (
			);
			name = Inventory;
			productName = Inventory;
			productReference = 2D1B1CF12273D8BA001A1DF3 /* Inventory.app */;
			productType = "com.apple.product-type.application";
		};
		2D1B1D072273D8BB001A1DF3 /* InventoryTests */ = {
			isa = PBXNativeTarget;
			buildConfigurationList = 2D1B1D1F2273D8BB001A1DF3 /* Build configuration list for PBXNativeTarget "InventoryTests" */;
			buildPhases = (
				2D1B1D042273D8BB001A1DF3 /* Sources */,
				2D1B1D052273D8BB001A1DF3 /* Frameworks */,
				2D1B1D062273D8BB001A1DF3 /* Resources */,
			);
			buildRules = (
			);
			dependencies = (
				2D1B1D0A2273D8BB001A1DF3 /* PBXTargetDependency */,
			);
			name = InventoryTests;
			productName = InventoryTests;
			productReference = 2D1B1D082273D8BB001A1DF3 /* InventoryTests.xctest */;
			productType = "com.apple.product-type.bundle.unit-test";
		};
		2D1B1D122273D8BB001A1DF3 /* InventoryUITests */ = {
			isa = PBXNativeTarget;
			buildConfigurationList = 2D1B1D222273D8BB001A1DF3 /* Build configuration list for PBXNativeTarget "InventoryUITests" */;
			buildPhases = (
				2D1B1D0F2273D8BB001A1DF3 /* Sources */,
				2D1B1D102273D8BB001A1DF3 /* Frameworks */,
				2D1B1D112273D8BB001A1DF3 /* Resources */,
			);
			buildRules = (
			);
			dependencies = (
				2D1B1D152273D8BB001A1DF3 /* PBXTargetDependency */,
			);
			name = InventoryUITests;
			productName = InventoryUITests;
			productReference = 2D1B1D132273D8BB001A1DF3 /* InventoryUITests.xctest */;
			productType = "com.apple.product-type.bundle.ui-testing";
		};
/* End PBXNativeTarget section */

/* Begin PBXProject section */
		2D1B1CE92273D8BA001A1DF3 /* Project object */ = {
			isa = PBXProject;
			attributes = {
				LastSwiftUpdateCheck = 1020;
				LastUpgradeCheck = 1020;
				ORGANIZATIONNAME = "Cassidy Pelchat";
				TargetAttributes = {
					2D1B1CF02273D8BA001A1DF3 = {
						CreatedOnToolsVersion = 10.2.1;
					};
					2D1B1D072273D8BB001A1DF3 = {
						CreatedOnToolsVersion = 10.2.1;
						TestTargetID = 2D1B1CF02273D8BA001A1DF3;
					};
					2D1B1D122273D8BB001A1DF3 = {
						CreatedOnToolsVersion = 10.2.1;
						TestTargetID = 2D1B1CF02273D8BA001A1DF3;
					};
				};
			};
			buildConfigurationList = 2D1B1CEC2273D8BA001A1DF3 /* Build configuration list for PBXProject "Inventory" */;
			compatibilityVersion = "Xcode 9.3";
			developmentRegion = en;
			hasScannedForEncodings = 0;
			knownRegions = (
				en,
				Base,
			);
			mainGroup = 2D1B1CE82273D8BA001A1DF3;
			productRefGroup = 2D1B1CF22273D8BA001A1DF3 /* Products */;
			projectDirPath = "";
			projectRoot = "";
			targets = (
				2D1B1CF02273D8BA001A1DF3 /* Inventory */,
				2D1B1D072273D8BB001A1DF3 /* InventoryTests */,
				2D1B1D122273D8BB001A1DF3 /* InventoryUITests */,
			);
		};
/* End PBXProject section */

/* Begin PBXResourcesBuildPhase section */
		2D1B1CEF2273D8BA001A1DF3 /* Resources */ = {
			isa = PBXResourcesBuildPhase;
			buildActionMask = 2147483647;
			files = (
				2D1B1D272273D8E6001A1DF3 /* inventory.json in Resources */,
				2D1B1D022273D8BB001A1DF3 /* LaunchScreen.storyboard in Resources */,
				2D1B1CFF2273D8BB001A1DF3 /* Assets.xcassets in Resources */,
				2D1B1CFA2273D8BA001A1DF3 /* Main.storyboard in Resources */,
			);
			runOnlyForDeploymentPostprocessing = 0;
		};
		2D1B1D062273D8BB001A1DF3 /* Resources */ = {
			isa = PBXResourcesBuildPhase;
			buildActionMask = 2147483647;
			files = (
			);
			runOnlyForDeploymentPostprocessing = 0;
		};
		2D1B1D112273D8BB001A1DF3 /* Resources */ = {
			isa = PBXResourcesBuildPhase;
			buildActionMask = 2147483647;
			files = (
			);
			runOnlyForDeploymentPostprocessing = 0;
		};
/* End PBXResourcesBuildPhase section */

/* Begin PBXSourcesBuildPhase section */
		2D1B1CED2273D8BA001A1DF3 /* Sources */ = {
			isa = PBXSourcesBuildPhase;
			buildActionMask = 2147483647;
			files = (
				2D98FDEA2273DB31002C9B08 /* Inventory.swift in Sources */,
				2D1B1CFD2273D8BA001A1DF3 /* Inventory.xcdatamodeld in Sources */,
				2D1B1CF72273D8BA001A1DF3 /* InventoryViewController.swift in Sources */,
				2D1B1CF52273D8BA001A1DF3 /* AppDelegate.swift in Sources */,
			);
			runOnlyForDeploymentPostprocessing = 0;
		};
		2D1B1D042273D8BB001A1DF3 /* Sources */ = {
			isa = PBXSourcesBuildPhase;
			buildActionMask = 2147483647;
			files = (
				2D1B1D0D2273D8BB001A1DF3 /* InventoryTests.swift in Sources */,
			);
			runOnlyForDeploymentPostprocessing = 0;
		};
		2D1B1D0F2273D8BB001A1DF3 /* Sources */ = {
			isa = PBXSourcesBuildPhase;
			buildActionMask = 2147483647;
			files = (
				2D1B1D182273D8BB001A1DF3 /* InventoryUITests.swift in Sources */,
			);
			runOnlyForDeploymentPostprocessing = 0;
		};
/* End PBXSourcesBuildPhase section */

/* Begin PBXTargetDependency section */
		2D1B1D0A2273D8BB001A1DF3 /* PBXTargetDependency */ = {
			isa = PBXTargetDependency;
			target = 2D1B1CF02273D8BA001A1DF3 /* Inventory */;
			targetProxy = 2D1B1D092273D8BB001A1DF3 /* PBXContainerItemProxy */;
		};
		2D1B1D152273D8BB001A1DF3 /* PBXTargetDependency */ = {
			isa = PBXTargetDependency;
			target = 2D1B1CF02273D8BA001A1DF3 /* Inventory */;
			targetProxy = 2D1B1D142273D8BB001A1DF3 /* PBXContainerItemProxy */;
		};
/* End PBXTargetDependency section */

/* Begin PBXVariantGroup section */
		2D1B1CF82273D8BA001A1DF3 /* Main.storyboard */ = {
			isa = PBXVariantGroup;
			children = (
				2D1B1CF92273D8BA001A1DF3 /* Base */,
			);
			name = Main.storyboard;
			sourceTree = "<group>";
		};
		2D1B1D002273D8BB001A1DF3 /* LaunchScreen.storyboard */ = {
			isa = PBXVariantGroup;
			children = (
				2D1B1D012273D8BB001A1DF3 /* Base */,
			);
			name = LaunchScreen.storyboard;
			sourceTree = "<group>";
		};
/* End PBXVariantGroup section */

/* Begin XCBuildConfiguration section */
		2D1B1D1A2273D8BB001A1DF3 /* Debug */ = {
			isa = XCBuildConfiguration;
			buildSettings = {
				ALWAYS_SEARCH_USER_PATHS = NO;
				CLANG_ANALYZER_NONNULL = YES;
				CLANG_ANALYZER_NUMBER_OBJECT_CONVERSION = YES_AGGRESSIVE;
				CLANG_CXX_LANGUAGE_STANDARD = "gnu++14";
				CLANG_CXX_LIBRARY = "libc++";
				CLANG_ENABLE_MODULES = YES;
				CLANG_ENABLE_OBJC_ARC = YES;
				CLANG_ENABLE_OBJC_WEAK = YES;
				CLANG_WARN_BLOCK_CAPTURE_AUTORELEASING = YES;
				CLANG_WARN_BOOL_CONVERSION = YES;
				CLANG_WARN_COMMA = YES;
				CLANG_WARN_CONSTANT_CONVERSION = YES;
				CLANG_WARN_DEPRECATED_OBJC_IMPLEMENTATIONS = YES;
				CLANG_WARN_DIRECT_OBJC_ISA_USAGE = YES_ERROR;
				CLANG_WARN_DOCUMENTATION_COMMENTS = YES;
				CLANG_WARN_EMPTY_BODY = YES;
				CLANG_WARN_ENUM_CONVERSION = YES;
				CLANG_WARN_INFINITE_RECURSION = YES;
				CLANG_WARN_INT_CONVERSION = YES;
				CLANG_WARN_NON_LITERAL_NULL_CONVERSION = YES;
				CLANG_WARN_OBJC_IMPLICIT_RETAIN_SELF = YES;
				CLANG_WARN_OBJC_LITERAL_CONVERSION = YES;
				CLANG_WARN_OBJC_ROOT_CLASS = YES_ERROR;
				CLANG_WARN_RANGE_LOOP_ANALYSIS = YES;
				CLANG_WARN_STRICT_PROTOTYPES = YES;
				CLANG_WARN_SUSPICIOUS_MOVE = YES;
				CLANG_WARN_UNGUARDED_AVAILABILITY = YES_AGGRESSIVE;
				CLANG_WARN_UNREACHABLE_CODE = YES;
				CLANG_WARN__DUPLICATE_METHOD_MATCH = YES;
				CODE_SIGN_IDENTITY = "iPhone Developer";
				COPY_PHASE_STRIP = NO;
				DEBUG_INFORMATION_FORMAT = dwarf;
				ENABLE_STRICT_OBJC_MSGSEND = YES;
				ENABLE_TESTABILITY = YES;
				GCC_C_LANGUAGE_STANDARD = gnu11;
				GCC_DYNAMIC_NO_PIC = NO;
				GCC_NO_COMMON_BLOCKS = YES;
				GCC_OPTIMIZATION_LEVEL = 0;
				GCC_PREPROCESSOR_DEFINITIONS = (
					"DEBUG=1",
					"$(inherited)",
				);
				GCC_WARN_64_TO_32_BIT_CONVERSION = YES;
				GCC_WARN_ABOUT_RETURN_TYPE = YES_ERROR;
				GCC_WARN_UNDECLARED_SELECTOR = YES;
				GCC_WARN_UNINITIALIZED_AUTOS = YES_AGGRESSIVE;
				GCC_WARN_UNUSED_FUNCTION = YES;
				GCC_WARN_UNUSED_VARIABLE = YES;
				IPHONEOS_DEPLOYMENT_TARGET = 12.2;
				MTL_ENABLE_DEBUG_INFO = INCLUDE_SOURCE;
				MTL_FAST_MATH = YES;
				ONLY_ACTIVE_ARCH = YES;
				SDKROOT = iphoneos;
				SWIFT_ACTIVE_COMPILATION_CONDITIONS = DEBUG;
				SWIFT_OPTIMIZATION_LEVEL = "-Onone";
			};
			name = Debug;
		};
		2D1B1D1B2273D8BB001A1DF3 /* Release */ = {
			isa = XCBuildConfiguration;
			buildSettings = {
				ALWAYS_SEARCH_USER_PATHS = NO;
				CLANG_ANALYZER_NONNULL = YES;
				CLANG_ANALYZER_NUMBER_OBJECT_CONVERSION = YES_AGGRESSIVE;
				CLANG_CXX_LANGUAGE_STANDARD = "gnu++14";
				CLANG_CXX_LIBRARY = "libc++";
				CLANG_ENABLE_MODULES = YES;
				CLANG_ENABLE_OBJC_ARC = YES;
				CLANG_ENABLE_OBJC_WEAK = YES;
				CLANG_WARN_BLOCK_CAPTURE_AUTORELEASING = YES;
				CLANG_WARN_BOOL_CONVERSION = YES;
				CLANG_WARN_COMMA = YES;
				CLANG_WARN_CONSTANT_CONVERSION = YES;
				CLANG_WARN_DEPRECATED_OBJC_IMPLEMENTATIONS = YES;
				CLANG_WARN_DIRECT_OBJC_ISA_USAGE = YES_ERROR;
				CLANG_WARN_DOCUMENTATION_COMMENTS = YES;
				CLANG_WARN_EMPTY_BODY = YES;
				CLANG_WARN_ENUM_CONVERSION = YES;
				CLANG_WARN_INFINITE_RECURSION = YES;
				CLANG_WARN_INT_CONVERSION = YES;
				CLANG_WARN_NON_LITERAL_NULL_CONVERSION = YES;
				CLANG_WARN_OBJC_IMPLICIT_RETAIN_SELF = YES;
				CLANG_WARN_OBJC_LITERAL_CONVERSION = YES;
				CLANG_WARN_OBJC_ROOT_CLASS = YES_ERROR;
				CLANG_WARN_RANGE_LOOP_ANALYSIS = YES;
				CLANG_WARN_STRICT_PROTOTYPES = YES;
				CLANG_WARN_SUSPICIOUS_MOVE = YES;
				CLANG_WARN_UNGUARDED_AVAILABILITY = YES_AGGRESSIVE;
				CLANG_WARN_UNREACHABLE_CODE = YES;
				CLANG_WARN__DUPLICATE_METHOD_MATCH = YES;
				CODE_SIGN_IDENTITY = "iPhone Developer";
				COPY_PHASE_STRIP = NO;
				DEBUG_INFORMATION_FORMAT = "dwarf-with-dsym";
				ENABLE_NS_ASSERTIONS = NO;
				ENABLE_STRICT_OBJC_MSGSEND = YES;
				GCC_C_LANGUAGE_STANDARD = gnu11;
				GCC_NO_COMMON_BLOCKS = YES;
				GCC_WARN_64_TO_32_BIT_CONVERSION = YES;
				GCC_WARN_ABOUT_RETURN_TYPE = YES_ERROR;
				GCC_WARN_UNDECLARED_SELECTOR = YES;
				GCC_WARN_UNINITIALIZED_AUTOS = YES_AGGRESSIVE;
				GCC_WARN_UNUSED_FUNCTION = YES;
				GCC_WARN_UNUSED_VARIABLE = YES;
				IPHONEOS_DEPLOYMENT_TARGET = 12.2;
				MTL_ENABLE_DEBUG_INFO = NO;
				MTL_FAST_MATH = YES;
				SDKROOT = iphoneos;
				SWIFT_COMPILATION_MODE = wholemodule;
				SWIFT_OPTIMIZATION_LEVEL = "-O";
				VALIDATE_PRODUCT = YES;
			};
			name = Release;
		};
		2D1B1D1D2273D8BB001A1DF3 /* Debug */ = {
			isa = XCBuildConfiguration;
			buildSettings = {
				ASSETCATALOG_COMPILER_APPICON_NAME = AppIcon;
				CODE_SIGN_STYLE = Automatic;
				DEVELOPMENT_TEAM = P2Y29ZGFHJ;
				INFOPLIST_FILE = Inventory/Info.plist;
				LD_RUNPATH_SEARCH_PATHS = (
					"$(inherited)",
					"@executable_path/Frameworks",
				);
				PRODUCT_BUNDLE_IDENTIFIER = iOS;
				PRODUCT_NAME = "$(TARGET_NAME)";
				SWIFT_VERSION = 5.0;
				TARGETED_DEVICE_FAMILY = "1,2";
			};
			name = Debug;
		};
		2D1B1D1E2273D8BB001A1DF3 /* Release */ = {
			isa = XCBuildConfiguration;
			buildSettings = {
				ASSETCATALOG_COMPILER_APPICON_NAME = AppIcon;
				CODE_SIGN_STYLE = Automatic;
				DEVELOPMENT_TEAM = P2Y29ZGFHJ;
				INFOPLIST_FILE = Inventory/Info.plist;
				LD_RUNPATH_SEARCH_PATHS = (
					"$(inherited)",
					"@executable_path/Frameworks",
				);
				PRODUCT_BUNDLE_IDENTIFIER = iOS;
				PRODUCT_NAME = "$(TARGET_NAME)";
				SWIFT_VERSION = 5.0;
				TARGETED_DEVICE_FAMILY = "1,2";
			};
			name = Release;
		};
		2D1B1D202273D8BB001A1DF3 /* Debug */ = {
			isa = XCBuildConfiguration;
			buildSettings = {
				ALWAYS_EMBED_SWIFT_STANDARD_LIBRARIES = YES;
				BUNDLE_LOADER = "$(TEST_HOST)";
				CODE_SIGN_STYLE = Automatic;
				DEVELOPMENT_TEAM = YDM8336QES;
				INFOPLIST_FILE = InventoryTests/Info.plist;
				LD_RUNPATH_SEARCH_PATHS = (
					"$(inherited)",
					"@executable_path/Frameworks",
					"@loader_path/Frameworks",
				);
				PRODUCT_BUNDLE_IDENTIFIER = online.techinnovator.InventoryTests;
				PRODUCT_NAME = "$(TARGET_NAME)";
				SWIFT_VERSION = 5.0;
				TARGETED_DEVICE_FAMILY = "1,2";
				TEST_HOST = "$(BUILT_PRODUCTS_DIR)/Inventory.app/Inventory";
			};
			name = Debug;
		};
		2D1B1D212273D8BB001A1DF3 /* Release */ = {
			isa = XCBuildConfiguration;
			buildSettings = {
				ALWAYS_EMBED_SWIFT_STANDARD_LIBRARIES = YES;
				BUNDLE_LOADER = "$(TEST_HOST)";
				CODE_SIGN_STYLE = Automatic;
				DEVELOPMENT_TEAM = YDM8336QES;
				INFOPLIST_FILE = InventoryTests/Info.plist;
				LD_RUNPATH_SEARCH_PATHS = (
					"$(inherited)",
					"@executable_path/Frameworks",
					"@loader_path/Frameworks",
				);
				PRODUCT_BUNDLE_IDENTIFIER = online.techinnovator.InventoryTests;
				PRODUCT_NAME = "$(TARGET_NAME)";
				SWIFT_VERSION = 5.0;
				TARGETED_DEVICE_FAMILY = "1,2";
				TEST_HOST = "$(BUILT_PRODUCTS_DIR)/Inventory.app/Inventory";
			};
			name = Release;
		};
		2D1B1D232273D8BB001A1DF3 /* Debug */ = {
			isa = XCBuildConfiguration;
			buildSettings = {
				ALWAYS_EMBED_SWIFT_STANDARD_LIBRARIES = YES;
				CODE_SIGN_STYLE = Automatic;
				DEVELOPMENT_TEAM = YDM8336QES;
				INFOPLIST_FILE = InventoryUITests/Info.plist;
				LD_RUNPATH_SEARCH_PATHS = (
					"$(inherited)",
					"@executable_path/Frameworks",
					"@loader_path/Frameworks",
				);
				PRODUCT_BUNDLE_IDENTIFIER = online.techinnovator.InventoryUITests;
				PRODUCT_NAME = "$(TARGET_NAME)";
				SWIFT_VERSION = 5.0;
				TARGETED_DEVICE_FAMILY = "1,2";
				TEST_TARGET_NAME = Inventory;
			};
			name = Debug;
		};
		2D1B1D242273D8BB001A1DF3 /* Release */ = {
			isa = XCBuildConfiguration;
			buildSettings = {
				ALWAYS_EMBED_SWIFT_STANDARD_LIBRARIES = YES;
				CODE_SIGN_STYLE = Automatic;
				DEVELOPMENT_TEAM = YDM8336QES;
				INFOPLIST_FILE = InventoryUITests/Info.plist;
				LD_RUNPATH_SEARCH_PATHS = (
					"$(inherited)",
					"@executable_path/Frameworks",
					"@loader_path/Frameworks",
				);
				PRODUCT_BUNDLE_IDENTIFIER = online.techinnovator.InventoryUITests;
				PRODUCT_NAME = "$(TARGET_NAME)";
				SWIFT_VERSION = 5.0;
				TARGETED_DEVICE_FAMILY = "1,2";
				TEST_TARGET_NAME = Inventory;
			};
			name = Release;
		};
/* End XCBuildConfiguration section */

/* Begin XCConfigurationList section */
		2D1B1CEC2273D8BA001A1DF3 /* Build configuration list for PBXProject "Inventory" */ = {
			isa = XCConfigurationList;
			buildConfigurations = (
				2D1B1D1A2273D8BB001A1DF3 /* Debug */,
				2D1B1D1B2273D8BB001A1DF3 /* Release */,
			);
			defaultConfigurationIsVisible = 0;
			defaultConfigurationName = Release;
		};
		2D1B1D1C2273D8BB001A1DF3 /* Build configuration list for PBXNativeTarget "Inventory" */ = {
			isa = XCConfigurationList;
			buildConfigurations = (
				2D1B1D1D2273D8BB001A1DF3 /* Debug */,
				2D1B1D1E2273D8BB001A1DF3 /* Release */,
			);
			defaultConfigurationIsVisible = 0;
			defaultConfigurationName = Release;
		};
		2D1B1D1F2273D8BB001A1DF3 /* Build configuration list for PBXNativeTarget "InventoryTests" */ = {
			isa = XCConfigurationList;
			buildConfigurations = (
				2D1B1D202273D8BB001A1DF3 /* Debug */,
				2D1B1D212273D8BB001A1DF3 /* Release */,
			);
			defaultConfigurationIsVisible = 0;
			defaultConfigurationName = Release;
		};
		2D1B1D222273D8BB001A1DF3 /* Build configuration list for PBXNativeTarget "InventoryUITests" */ = {
			isa = XCConfigurationList;
			buildConfigurations = (
				2D1B1D232273D8BB001A1DF3 /* Debug */,
				2D1B1D242273D8BB001A1DF3 /* Release */,
			);
			defaultConfigurationIsVisible = 0;
			defaultConfigurationName = Release;
		};
/* End XCConfigurationList section */

/* Begin XCVersionGroup section */
		2D1B1CFB2273D8BA001A1DF3 /* Inventory.xcdatamodeld */ = {
			isa = XCVersionGroup;
			children = (
				2D1B1CFC2273D8BA001A1DF3 /* Inventory.xcdatamodel */,
			);
			currentVersion = 2D1B1CFC2273D8BA001A1DF3 /* Inventory.xcdatamodel */;
			path = Inventory.xcdatamodeld;
			sourceTree = "<group>";
			versionGroupType = wrapper.xcdatamodel;
		};
/* End XCVersionGroup section */
	};
	rootObject = 2D1B1CE92273D8BA001A1DF3 /* Project object */;
}
